// !$*UTF8*$!
{
	archiveVersion = 1;
	classes = {
	};
	objectVersion = 48;
	objects = {

/* Begin PBXBuildFile section */
		D527B6E5203F2E5A00EB380E /* AppDelegate.swift in Sources */ = {isa = PBXBuildFile; fileRef = D527B6E4203F2E5A00EB380E /* AppDelegate.swift */; };
		D527B6E7203F2E5A00EB380E /* ViewController.swift in Sources */ = {isa = PBXBuildFile; fileRef = D527B6E6203F2E5A00EB380E /* ViewController.swift */; };
		D527B6EA203F2E5A00EB380E /* Main.storyboard in Resources */ = {isa = PBXBuildFile; fileRef = D527B6E8203F2E5A00EB380E /* Main.storyboard */; };
		D527B6EC203F2E5A00EB380E /* Assets.xcassets in Resources */ = {isa = PBXBuildFile; fileRef = D527B6EB203F2E5A00EB380E /* Assets.xcassets */; };
		D527B6EF203F2E5A00EB380E /* LaunchScreen.storyboard in Resources */ = {isa = PBXBuildFile; fileRef = D527B6ED203F2E5A00EB380E /* LaunchScreen.storyboard */; };
/* End PBXBuildFile section */

/* Begin PBXFileReference section */
		D527B6E1203F2E5A00EB380E /* Cufflink.app */ = {isa = PBXFileReference; explicitFileType = wrapper.application; includeInIndex = 0; path = Cufflink.app; sourceTree = BUILT_PRODUCTS_DIR; };
		D527B6E4203F2E5A00EB380E /* AppDelegate.swift */ = {isa = PBXFileReference; lastKnownFileType = sourcecode.swift; path = AppDelegate.swift; sourceTree = "<group>"; };
		D527B6E6203F2E5A00EB380E /* ViewController.swift */ = {isa = PBXFileReference; lastKnownFileType = sourcecode.swift; path = ViewController.swift; sourceTree = "<group>"; };
		D527B6E9203F2E5A00EB380E /* Base */ = {isa = PBXFileReference; lastKnownFileType = file.storyboard; name = Base; path = Base.lproj/Main.storyboard; sourceTree = "<group>"; };
		D527B6EB203F2E5A00EB380E /* Assets.xcassets */ = {isa = PBXFileReference; lastKnownFileType = folder.assetcatalog; path = Assets.xcassets; sourceTree = "<group>"; };
		D527B6EE203F2E5A00EB380E /* Base */ = {isa = PBXFileReference; lastKnownFileType = file.storyboard; name = Base; path = Base.lproj/LaunchScreen.storyboard; sourceTree = "<group>"; };
		D527B6F0203F2E5A00EB380E /* Info.plist */ = {isa = PBXFileReference; lastKnownFileType = text.plist.xml; path = Info.plist; sourceTree = "<group>"; };
/* End PBXFileReference section */

/* Begin PBXFrameworksBuildPhase section */
		D527B6DE203F2E5A00EB380E /* Frameworks */ = {
			isa = PBXFrameworksBuildPhase;
			buildActionMask = 2147483647;
			files = (
			);
			runOnlyForDeploymentPostprocessing = 0;
		};
/* End PBXFrameworksBuildPhase section */

/* Begin PBXGroup section */
		D527B6D8203F2E5A00EB380E = {
			isa = PBXGroup;
			children = (
				D527B6E3203F2E5A00EB380E /* Cufflink */,
				D527B6E2203F2E5A00EB380E /* Products */,
			);
			sourceTree = "<group>";
		};
		D527B6E2203F2E5A00EB380E /* Products */ = {
			isa = PBXGroup;
			children = (
				D527B6E1203F2E5A00EB380E /* Cufflink.app */,
			);
			name = Products;
			sourceTree = "<group>";
		};
		D527B6E3203F2E5A00EB380E /* Cufflink */ = {
			isa = PBXGroup;
			children = (
				D527B6E4203F2E5A00EB380E /* AppDelegate.swift */,
				D527B6E6203F2E5A00EB380E /* ViewController.swift */,
				D527B6E8203F2E5A00EB380E /* Main.storyboard */,
				D527B6EB203F2E5A00EB380E /* Assets.xcassets */,
				D527B6ED203F2E5A00EB380E /* LaunchScreen.storyboard */,
				D527B6F0203F2E5A00EB380E /* Info.plist */,
			);
			path = Cufflink;
			sourceTree = "<group>";
		};
/* End PBXGroup section */

/* Begin PBXNativeTarget section */
		D527B6E0203F2E5A00EB380E /* Cufflink */ = {
			isa = PBXNativeTarget;
			buildConfigurationList = D527B6F3203F2E5A00EB380E /* Build configuration list for PBXNativeTarget "Cufflink" */;
			buildPhases = (
				D527B6DD203F2E5A00EB380E /* Sources */,
				D527B6DE203F2E5A00EB380E /* Frameworks */,
				D527B6DF203F2E5A00EB380E /* Resources */,
			);
			buildRules = (
			);
			dependencies = (
			);
			name = Cufflink;
			productName = Cufflink;
			productReference = D527B6E1203F2E5A00EB380E /* Cufflink.app */;
			productType = "com.apple.product-type.application";
		};
/* End PBXNativeTarget section */

/* Begin PBXProject section */
		D527B6D9203F2E5A00EB380E /* Project object */ = {
			isa = PBXProject;
			attributes = {
				LastSwiftUpdateCheck = 0920;
				LastUpgradeCheck = 0920;
				ORGANIZATIONNAME = "Zuri Wong";
				TargetAttributes = {
					D527B6E0203F2E5A00EB380E = {
						CreatedOnToolsVersion = 9.2;
						ProvisioningStyle = Automatic;
					};
				};
			};
			buildConfigurationList = D527B6DC203F2E5A00EB380E /* Build configuration list for PBXProject "Cufflink" */;
			compatibilityVersion = "Xcode 8.0";
			developmentRegion = en;
			hasScannedForEncodings = 0;
			knownRegions = (
				en,
				Base,
			);
			mainGroup = D527B6D8203F2E5A00EB380E;
			productRefGroup = D527B6E2203F2E5A00EB380E /* Products */;
			projectDirPath = "";
			projectRoot = "";
			targets = (
				D527B6E0203F2E5A00EB380E /* Cufflink */,
			);
		};
/* End PBXProject section */

/* Begin PBXResourcesBuildPhase section */
		D527B6DF203F2E5A00EB380E /* Resources */ = {
			isa = PBXResourcesBuildPhase;
			buildActionMask = 2147483647;
			files = (
				D527B6EF203F2E5A00EB380E /* LaunchScreen.storyboard in Resources */,
				D527B6EC203F2E5A00EB380E /* Assets.xcassets in Resources */,
				D527B6EA203F2E5A00EB380E /* Main.storyboard in Resources */,
			);
			runOnlyForDeploymentPostprocessing = 0;
		};
/* End PBXResourcesBuildPhase section */

/* Begin PBXSourcesBuildPhase section */
		D527B6DD203F2E5A00EB380E /* Sources */ = {
			isa = PBXSourcesBuildPhase;
			buildActionMask = 2147483647;
			files = (
				D527B6E7203F2E5A00EB380E /* ViewController.swift in Sources */,
				D527B6E5203F2E5A00EB380E /* AppDelegate.swift in Sources */,
			);
			runOnlyForDeploymentPostprocessing = 0;
		};
/* End PBXSourcesBuildPhase section */

/* Begin PBXVariantGroup section */
		D527B6E8203F2E5A00EB380E /* Main.storyboard */ = {
			isa = PBXVariantGroup;
			children = (
				D527B6E9203F2E5A00EB380E /* Base */,
			);
			name = Main.storyboard;
			sourceTree = "<group>";
		};
		D527B6ED203F2E5A00EB380E /* LaunchScreen.storyboard */ = {
			isa = PBXVariantGroup;
			children = (
				D527B6EE203F2E5A00EB380E /* Base */,
			);
			name = LaunchScreen.storyboard;
			sourceTree = "<group>";
		};
/* End PBXVariantGroup section */

/* Begin XCBuildConfiguration section */
		D527B6F1203F2E5A00EB380E /* Debug */ = {
			isa = XCBuildConfiguration;
			buildSettings = {
				ALWAYS_SEARCH_USER_PATHS = NO;
				CLANG_ANALYZER_NONNULL = YES;
				CLANG_ANALYZER_NUMBER_OBJECT_CONVERSION = YES_AGGRESSIVE;
				CLANG_CXX_LANGUAGE_STANDARD = "gnu++14";
				CLANG_CXX_LIBRARY = "libc++";
				CLANG_ENABLE_MODULES = YES;
				CLANG_ENABLE_OBJC_ARC = YES;
				CLANG_WARN_BLOCK_CAPTURE_AUTORELEASING = YES;
				CLANG_WARN_BOOL_CONVERSION = YES;
				CLANG_WARN_COMMA = YES;
				CLANG_WARN_CONSTANT_CONVERSION = YES;
				CLANG_WARN_DIRECT_OBJC_ISA_USAGE = YES_ERROR;
				CLANG_WARN_DOCUMENTATION_COMMENTS = YES;
				CLANG_WARN_EMPTY_BODY = YES;
				CLANG_WARN_ENUM_CONVERSION = YES;
				CLANG_WARN_INFINITE_RECURSION = YES;
				CLANG_WARN_INT_CONVERSION = YES;
				CLANG_WARN_NON_LITERAL_NULL_CONVERSION = YES;
				CLANG_WARN_OBJC_LITERAL_CONVERSION = YES;
				CLANG_WARN_OBJC_ROOT_CLASS = YES_ERROR;
				CLANG_WARN_RANGE_LOOP_ANALYSIS = YES;
				CLANG_WARN_STRICT_PROTOTYPES = YES;
				CLANG_WARN_SUSPICIOUS_MOVE = YES;
				CLANG_WARN_UNGUARDED_AVAILABILITY = YES_AGGRESSIVE;
				CLANG_WARN_UNREACHABLE_CODE = YES;
				CLANG_WARN__DUPLICATE_METHOD_MATCH = YES;
				CODE_SIGN_IDENTITY = "iPhone Developer";
				COPY_PHASE_STRIP = NO;
				DEBUG_INFORMATION_FORMAT = dwarf;
				ENABLE_STRICT_OBJC_MSGSEND = YES;
				ENABLE_TESTABILITY = YES;
				GCC_C_LANGUAGE_STANDARD = gnu11;
				GCC_DYNAMIC_NO_PIC = NO;
				GCC_NO_COMMON_BLOCKS = YES;
				GCC_OPTIMIZATION_LEVEL = 0;
				GCC_PREPROCESSOR_DEFINITIONS = (
					"DEBUG=1",
					"$(inherited)",
				);
				GCC_WARN_64_TO_32_BIT_CONVERSION = YES;
				GCC_WARN_ABOUT_RETURN_TYPE = YES_ERROR;
				GCC_WARN_UNDECLARED_SELECTOR = YES;
				GCC_WARN_UNINITIALIZED_AUTOS = YES_AGGRESSIVE;
				GCC_WARN_UNUSED_FUNCTION = YES;
				GCC_WARN_UNUSED_VARIABLE = YES;
				IPHONEOS_DEPLOYMENT_TARGET = 11.2;
				MTL_ENABLE_DEBUG_INFO = YES;
				ONLY_ACTIVE_ARCH = YES;
				SDKROOT = iphoneos;
				SWIFT_ACTIVE_COMPILATION_CONDITIONS = DEBUG;
				SWIFT_OPTIMIZATION_LEVEL = "-Onone";
			};
			name = Debug;
		};
		D527B6F2203F2E5A00EB380E /* Release */ = {
			isa = XCBuildConfiguration;
			buildSettings = {
				ALWAYS_SEARCH_USER_PATHS = NO;
				CLANG_ANALYZER_NONNULL = YES;
				CLANG_ANALYZER_NUMBER_OBJECT_CONVERSION = YES_AGGRESSIVE;
				CLANG_CXX_LANGUAGE_STANDARD = "gnu++14";
				CLANG_CXX_LIBRARY = "libc++";
				CLANG_ENABLE_MODULES = YES;
				CLANG_ENABLE_OBJC_ARC = YES;
				CLANG_WARN_BLOCK_CAPTURE_AUTORELEASING = YES;
				CLANG_WARN_BOOL_CONVERSION = YES;
				CLANG_WARN_COMMA = YES;
				CLANG_WARN_CONSTANT_CONVERSION = YES;
				CLANG_WARN_DIRECT_OBJC_ISA_USAGE = YES_ERROR;
				CLANG_WARN_DOCUMENTATION_COMMENTS = YES;
				CLANG_WARN_EMPTY_BODY = YES;
				CLANG_WARN_ENUM_CONVERSION = YES;
				CLANG_WARN_INFINITE_RECURSION = YES;
				CLANG_WARN_INT_CONVERSION = YES;
				CLANG_WARN_NON_LITERAL_NULL_CONVERSION = YES;
				CLANG_WARN_OBJC_LITERAL_CONVERSION = YES;
				CLANG_WARN_OBJC_ROOT_CLASS = YES_ERROR;
				CLANG_WARN_RANGE_LOOP_ANALYSIS = YES;
				CLANG_WARN_STRICT_PROTOTYPES = YES;
				CLANG_WARN_SUSPICIOUS_MOVE = YES;
				CLANG_WARN_UNGUARDED_AVAILABILITY = YES_AGGRESSIVE;
				CLANG_WARN_UNREACHABLE_CODE = YES;
				CLANG_WARN__DUPLICATE_METHOD_MATCH = YES;
				CODE_SIGN_IDENTITY = "iPhone Developer";
				COPY_PHASE_STRIP = NO;
				DEBUG_INFORMATION_FORMAT = "dwarf-with-dsym";
				ENABLE_NS_ASSERTIONS = NO;
				ENABLE_STRICT_OBJC_MSGSEND = YES;
				GCC_C_LANGUAGE_STANDARD = gnu11;
				GCC_NO_COMMON_BLOCKS = YES;
				GCC_WARN_64_TO_32_BIT_CONVERSION = YES;
				GCC_WARN_ABOUT_RETURN_TYPE = YES_ERROR;
				GCC_WARN_UNDECLARED_SELECTOR = YES;
				GCC_WARN_UNINITIALIZED_AUTOS = YES_AGGRESSIVE;
				GCC_WARN_UNUSED_FUNCTION = YES;
				GCC_WARN_UNUSED_VARIABLE = YES;
				IPHONEOS_DEPLOYMENT_TARGET = 11.2;
				MTL_ENABLE_DEBUG_INFO = NO;
				SDKROOT = iphoneos;
				SWIFT_OPTIMIZATION_LEVEL = "-Owholemodule";
				VALIDATE_PRODUCT = YES;
			};
			name = Release;
		};
		D527B6F4203F2E5A00EB380E /* Debug */ = {
			isa = XCBuildConfiguration;
			buildSettings = {
				ASSETCATALOG_COMPILER_APPICON_NAME = AppIcon;
				CODE_SIGN_STYLE = Automatic;
				DEVELOPMENT_TEAM = U3465V32BF;
				INFOPLIST_FILE = Cufflink/Info.plist;
				LD_RUNPATH_SEARCH_PATHS = "$(inherited) @executable_path/Frameworks";
				PRODUCT_BUNDLE_IDENTIFIER = com.zuriwong.Cufflink;
				PRODUCT_NAME = "$(TARGET_NAME)";
				SWIFT_VERSION = 4.0;
				TARGETED_DEVICE_FAMILY = "1,2";
			};
			name = Debug;
		};
		D527B6F5203F2E5A00EB380E /* Release */ = {
			isa = XCBuildConfiguration;
			buildSettings = {
				ASSETCATALOG_COMPILER_APPICON_NAME = AppIcon;
				CODE_SIGN_STYLE = Automatic;
				DEVELOPMENT_TEAM = U3465V32BF;
				INFOPLIST_FILE = Cufflink/Info.plist;
				LD_RUNPATH_SEARCH_PATHS = "$(inherited) @executable_path/Frameworks";
				PRODUCT_BUNDLE_IDENTIFIER = com.zuriwong.Cufflink;
				PRODUCT_NAME = "$(TARGET_NAME)";
				SWIFT_VERSION = 4.0;
				TARGETED_DEVICE_FAMILY = "1,2";
			};
			name = Release;
		};
/* End XCBuildConfiguration section */

/* Begin XCConfigurationList section */
		D527B6DC203F2E5A00EB380E /* Build configuration list for PBXProject "Cufflink" */ = {
			isa = XCConfigurationList;
			buildConfigurations = (
				D527B6F1203F2E5A00EB380E /* Debug */,
				D527B6F2203F2E5A00EB380E /* Release */,
			);
			defaultConfigurationIsVisible = 0;
			defaultConfigurationName = Release;
		};
		D527B6F3203F2E5A00EB380E /* Build configuration list for PBXNativeTarget "Cufflink" */ = {
			isa = XCConfigurationList;
			buildConfigurations = (
				D527B6F4203F2E5A00EB380E /* Debug */,
				D527B6F5203F2E5A00EB380E /* Release */,
			);
			defaultConfigurationIsVisible = 0;
			defaultConfigurationName = Release;
		};
/* End XCConfigurationList section */
	};
	rootObject = D527B6D9203F2E5A00EB380E /* Project object */;
}
